# THIS IS AN AUTOGENERATED FILE. DO NOT EDIT THIS FILE DIRECTLY.
# yarn lockfile v1


"@types/node@^13.13.5":
  version "13.13.10"
  resolved "https://registry.yarnpkg.com/@types/node/-/node-13.13.10.tgz#34a9be3cbc409fd235984bd18a130006f5234396"
  integrity sha512-J+FbkhLTcFstD7E5mVZDjYxa1VppwT2HALE6H3n2AnBSP8uiCQk0Pyr6BkJcP38dFV9WecoVJRJmFnl9ikIW7Q==

js-sha256@^0.9.0:
  version "0.9.0"
  resolved "https://registry.yarnpkg.com/js-sha256/-/js-sha256-0.9.0.tgz#0b89ac166583e91ef9123644bd3c5334ce9d0966"
  integrity sha512-sga3MHh9sgQN2+pJ9VYZ+1LPwXOxuBJBA5nrR5/ofPfuiJBE2hnjsaN8se8JznOmGLN2p49Pe5U/ttafcs/apA==
