# THIS IS AN AUTOGENERATED FILE. DO NOT EDIT THIS FILE DIRECTLY.
# yarn lockfile v1


"@types/node@^13.13.5":
  version "13.13.13"
  resolved "https://registry.yarnpkg.com/@types/node/-/node-13.13.13.tgz#71217d90fd9c9c937e28628772d5c0b432c79355"
  integrity sha512-UfvBE9oRCAJVzfR+3eWm/sdLFe/qroAPEXP3GPJ1SehQiEVgZT6NQZWYbPMiJ3UdcKM06v4j+S1lTcdWCmw+3g==
